
Microsoft Visual Studio Solution File, Format Version 12.00
# Visual Studio 2012
Project("{FAE04EC0-301F-11D3-BF4B-00C04F79EFBC}") = "Grifindo_Toys_Payroll_System _Saviska", "Grifindo_Toys_Payroll_System _Saviska\Grifindo_Toys_Payroll_System _Saviska.csproj", "{11702378-71E3-4DDB-AC49-14BCA3BDD451}"
EndProject
Global
	GlobalSection(SolutionConfigurationPlatforms) = preSolution
		Debug|Any CPU = Debug|Any CPU
		Release|Any CPU = Release|Any CPU
	EndGlobalSection
	GlobalSection(ProjectConfigurationPlatforms) = postSolution
		{11702378-71E3-4DDB-AC49-14BCA3BDD451}.Debug|Any CPU.ActiveCfg = Debug|Any CPU
		{11702378-71E3-4DDB-AC49-14BCA3BDD451}.Debug|Any CPU.Build.0 = Debug|Any CPU
		{11702378-71E3-4DDB-AC49-14BCA3BDD451}.Release|Any CPU.ActiveCfg = Release|Any CPU
		{11702378-71E3-4DDB-AC49-14BCA3BDD451}.Release|Any CPU.Build.0 = Release|Any CPU
	EndGlobalSection
	GlobalSection(SolutionProperties) = preSolution
		HideSolutionNode = FALSE
	EndGlobalSection
EndGlobal
